// !$*UTF8*$!
{
	archiveVersion = 1;
	classes = {
	};
	objectVersion = 46;
	objects = {

/* Begin PBXBuildFile section */
		3CE213DD1969B9E700CE9B0B /* AppDelegate.swift in Sources */ = {isa = PBXBuildFile; fileRef = 3CE213DC1969B9E700CE9B0B /* AppDelegate.swift */; };
		3CE213DF1969B9E700CE9B0B /* ViewController.swift in Sources */ = {isa = PBXBuildFile; fileRef = 3CE213DE1969B9E700CE9B0B /* ViewController.swift */; };
		3CE213E21969B9E700CE9B0B /* Main.storyboard in Resources */ = {isa = PBXBuildFile; fileRef = 3CE213E01969B9E700CE9B0B /* Main.storyboard */; };
		3CE213E41969B9E700CE9B0B /* Images.xcassets in Resources */ = {isa = PBXBuildFile; fileRef = 3CE213E31969B9E700CE9B0B /* Images.xcassets */; };
		3CE213F01969B9E800CE9B0B /* ReactiveSwiftFlickrSearchTests.swift in Sources */ = {isa = PBXBuildFile; fileRef = 3CE213EF1969B9E800CE9B0B /* ReactiveSwiftFlickrSearchTests.swift */; };
		3CE21D821969BD5600CE9B0B /* libReactiveCocoa-iOS.a in Frameworks */ = {isa = PBXBuildFile; fileRef = 3CE21D771969BB6700CE9B0B /* libReactiveCocoa-iOS.a */; };
/* End PBXBuildFile section */

/* Begin PBXContainerItemProxy section */
		3CE213EA1969B9E800CE9B0B /* PBXContainerItemProxy */ = {
			isa = PBXContainerItemProxy;
			containerPortal = 3CE213CF1969B9E700CE9B0B /* Project object */;
			proxyType = 1;
			remoteGlobalIDString = 3CE213D61969B9E700CE9B0B;
			remoteInfo = ReactiveSwiftFlickrSearch;
		};
		3CE21D741969BB6700CE9B0B /* PBXContainerItemProxy */ = {
			isa = PBXContainerItemProxy;
			containerPortal = 3CE21D6A1969BB6700CE9B0B /* ReactiveCocoa.xcodeproj */;
			proxyType = 2;
			remoteGlobalIDString = 88037F8315056328001A5B19;
			remoteInfo = ReactiveCocoa;
		};
		3CE21D761969BB6700CE9B0B /* PBXContainerItemProxy */ = {
			isa = PBXContainerItemProxy;
			containerPortal = 3CE21D6A1969BB6700CE9B0B /* ReactiveCocoa.xcodeproj */;
			proxyType = 2;
			remoteGlobalIDString = 88F440AB153DAC820097B4C3;
			remoteInfo = "ReactiveCocoa-iOS";
		};
		3CE21D781969BB6700CE9B0B /* PBXContainerItemProxy */ = {
			isa = PBXContainerItemProxy;
			containerPortal = 3CE21D6A1969BB6700CE9B0B /* ReactiveCocoa.xcodeproj */;
			proxyType = 2;
			remoteGlobalIDString = 88CDF7DC15000FCF00163A9F;
			remoteInfo = ReactiveCocoaTests;
		};
		3CE21D7A1969BB6700CE9B0B /* PBXContainerItemProxy */ = {
			isa = PBXContainerItemProxy;
			containerPortal = 3CE21D6A1969BB6700CE9B0B /* ReactiveCocoa.xcodeproj */;
			proxyType = 2;
			remoteGlobalIDString = 5FAF5223174D4C2000CAC810;
			remoteInfo = "ReactiveCocoaTests-iOS";
		};
		3CE21D7C1969BB6700CE9B0B /* PBXContainerItemProxy */ = {
			isa = PBXContainerItemProxy;
			containerPortal = 3CE21D6A1969BB6700CE9B0B /* ReactiveCocoa.xcodeproj */;
			proxyType = 2;
			remoteGlobalIDString = 1860F412177C91B500C7B3C9;
			remoteInfo = "ReactiveCocoa-iOS-UIKitTestHost";
		};
		3CE21D7E1969BB6700CE9B0B /* PBXContainerItemProxy */ = {
			isa = PBXContainerItemProxy;
			containerPortal = 3CE21D6A1969BB6700CE9B0B /* ReactiveCocoa.xcodeproj */;
			proxyType = 2;
			remoteGlobalIDString = 1860F430177C91B500C7B3C9;
			remoteInfo = "ReactiveCocoa-iOS-UIKitTestHostTests";
		};
		3CE21D801969BB6700CE9B0B /* PBXContainerItemProxy */ = {
			isa = PBXContainerItemProxy;
			containerPortal = 3CE21D6A1969BB6700CE9B0B /* ReactiveCocoa.xcodeproj */;
			proxyType = 2;
			remoteGlobalIDString = D05AD39417F2D56F0080895B;
			remoteInfo = "ReactiveCocoa-Mac";
		};
/* End PBXContainerItemProxy section */

/* Begin PBXFileReference section */
		3CE213D71969B9E700CE9B0B /* ReactiveSwiftFlickrSearch.app */ = {isa = PBXFileReference; explicitFileType = wrapper.application; includeInIndex = 0; path = ReactiveSwiftFlickrSearch.app; sourceTree = BUILT_PRODUCTS_DIR; };
		3CE213DB1969B9E700CE9B0B /* Info.plist */ = {isa = PBXFileReference; lastKnownFileType = text.plist.xml; path = Info.plist; sourceTree = "<group>"; };
		3CE213DC1969B9E700CE9B0B /* AppDelegate.swift */ = {isa = PBXFileReference; lastKnownFileType = sourcecode.swift; path = AppDelegate.swift; sourceTree = "<group>"; };
		3CE213DE1969B9E700CE9B0B /* ViewController.swift */ = {isa = PBXFileReference; lastKnownFileType = sourcecode.swift; path = ViewController.swift; sourceTree = "<group>"; };
		3CE213E11969B9E700CE9B0B /* Base */ = {isa = PBXFileReference; lastKnownFileType = file.storyboard; name = Base; path = Base.lproj/Main.storyboard; sourceTree = "<group>"; };
		3CE213E31969B9E700CE9B0B /* Images.xcassets */ = {isa = PBXFileReference; lastKnownFileType = folder.assetcatalog; path = Images.xcassets; sourceTree = "<group>"; };
		3CE213E91969B9E800CE9B0B /* ReactiveSwiftFlickrSearchTests.xctest */ = {isa = PBXFileReference; explicitFileType = wrapper.cfbundle; includeInIndex = 0; path = ReactiveSwiftFlickrSearchTests.xctest; sourceTree = BUILT_PRODUCTS_DIR; };
		3CE213EE1969B9E800CE9B0B /* Info.plist */ = {isa = PBXFileReference; lastKnownFileType = text.plist.xml; path = Info.plist; sourceTree = "<group>"; };
		3CE213EF1969B9E800CE9B0B /* ReactiveSwiftFlickrSearchTests.swift */ = {isa = PBXFileReference; lastKnownFileType = sourcecode.swift; path = ReactiveSwiftFlickrSearchTests.swift; sourceTree = "<group>"; };
		3CE21D6A1969BB6700CE9B0B /* ReactiveCocoa.xcodeproj */ = {isa = PBXFileReference; lastKnownFileType = "wrapper.pb-project"; name = ReactiveCocoa.xcodeproj; path = ReactiveCocoa/ReactiveCocoaFramework/ReactiveCocoa.xcodeproj; sourceTree = "<group>"; };
		3CE21D831969BD7F00CE9B0B /* BridgingHeader.h */ = {isa = PBXFileReference; lastKnownFileType = sourcecode.c.h; path = BridgingHeader.h; sourceTree = "<group>"; };
/* End PBXFileReference section */

/* Begin PBXFrameworksBuildPhase section */
		3CE213D41969B9E700CE9B0B /* Frameworks */ = {
			isa = PBXFrameworksBuildPhase;
			buildActionMask = 2147483647;
			files = (
				3CE21D821969BD5600CE9B0B /* libReactiveCocoa-iOS.a in Frameworks */,
			);
			runOnlyForDeploymentPostprocessing = 0;
		};
		3CE213E61969B9E800CE9B0B /* Frameworks */ = {
			isa = PBXFrameworksBuildPhase;
			buildActionMask = 2147483647;
			files = (
			);
			runOnlyForDeploymentPostprocessing = 0;
		};
/* End PBXFrameworksBuildPhase section */

/* Begin PBXGroup section */
		3CE213CE1969B9E700CE9B0B = {
			isa = PBXGroup;
			children = (
				3CE213D91969B9E700CE9B0B /* ReactiveSwiftFlickrSearch */,
				3CE213EC1969B9E800CE9B0B /* ReactiveSwiftFlickrSearchTests */,
				3CE213D81969B9E700CE9B0B /* Products */,
				3CE21D6A1969BB6700CE9B0B /* ReactiveCocoa.xcodeproj */,
			);
			sourceTree = "<group>";
		};
		3CE213D81969B9E700CE9B0B /* Products */ = {
			isa = PBXGroup;
			children = (
				3CE213D71969B9E700CE9B0B /* ReactiveSwiftFlickrSearch.app */,
				3CE213E91969B9E800CE9B0B /* ReactiveSwiftFlickrSearchTests.xctest */,
			);
			name = Products;
			sourceTree = "<group>";
		};
		3CE213D91969B9E700CE9B0B /* ReactiveSwiftFlickrSearch */ = {
			isa = PBXGroup;
			children = (
				3CE213DC1969B9E700CE9B0B /* AppDelegate.swift */,
				3CE213DE1969B9E700CE9B0B /* ViewController.swift */,
				3CE213E01969B9E700CE9B0B /* Main.storyboard */,
				3CE213E31969B9E700CE9B0B /* Images.xcassets */,
				3CE213DA1969B9E700CE9B0B /* Supporting Files */,
				3CE21D831969BD7F00CE9B0B /* BridgingHeader.h */,
			);
			path = ReactiveSwiftFlickrSearch;
			sourceTree = "<group>";
		};
		3CE213DA1969B9E700CE9B0B /* Supporting Files */ = {
			isa = PBXGroup;
			children = (
				3CE213DB1969B9E700CE9B0B /* Info.plist */,
			);
			name = "Supporting Files";
			sourceTree = "<group>";
		};
		3CE213EC1969B9E800CE9B0B /* ReactiveSwiftFlickrSearchTests */ = {
			isa = PBXGroup;
			children = (
				3CE213EF1969B9E800CE9B0B /* ReactiveSwiftFlickrSearchTests.swift */,
				3CE213ED1969B9E800CE9B0B /* Supporting Files */,
			);
			path = ReactiveSwiftFlickrSearchTests;
			sourceTree = "<group>";
		};
		3CE213ED1969B9E800CE9B0B /* Supporting Files */ = {
			isa = PBXGroup;
			children = (
				3CE213EE1969B9E800CE9B0B /* Info.plist */,
			);
			name = "Supporting Files";
			sourceTree = "<group>";
		};
		3CE21D6B1969BB6700CE9B0B /* Products */ = {
			isa = PBXGroup;
			children = (
				3CE21D751969BB6700CE9B0B /* ReactiveCocoa.framework */,
				3CE21D771969BB6700CE9B0B /* libReactiveCocoa-iOS.a */,
				3CE21D791969BB6700CE9B0B /* ReactiveCocoaTests.octest */,
				3CE21D7B1969BB6700CE9B0B /* ReactiveCocoaTests-iOS.octest */,
				3CE21D7D1969BB6700CE9B0B /* ReactiveCocoa-iOS-UIKitTestHost.app */,
				3CE21D7F1969BB6700CE9B0B /* ReactiveCocoa-iOS-UIKitTestHostTests.octest */,
				3CE21D811969BB6700CE9B0B /* libReactiveCocoa-Mac.a */,
			);
			name = Products;
			sourceTree = "<group>";
		};
/* End PBXGroup section */

/* Begin PBXNativeTarget section */
		3CE213D61969B9E700CE9B0B /* ReactiveSwiftFlickrSearch */ = {
			isa = PBXNativeTarget;
			buildConfigurationList = 3CE213F31969B9E800CE9B0B /* Build configuration list for PBXNativeTarget "ReactiveSwiftFlickrSearch" */;
			buildPhases = (
				3CE213D31969B9E700CE9B0B /* Sources */,
				3CE213D41969B9E700CE9B0B /* Frameworks */,
				3CE213D51969B9E700CE9B0B /* Resources */,
			);
			buildRules = (
			);
			dependencies = (
			);
			name = ReactiveSwiftFlickrSearch;
			productName = ReactiveSwiftFlickrSearch;
			productReference = 3CE213D71969B9E700CE9B0B /* ReactiveSwiftFlickrSearch.app */;
			productType = "com.apple.product-type.application";
		};
		3CE213E81969B9E800CE9B0B /* ReactiveSwiftFlickrSearchTests */ = {
			isa = PBXNativeTarget;
			buildConfigurationList = 3CE213F61969B9E800CE9B0B /* Build configuration list for PBXNativeTarget "ReactiveSwiftFlickrSearchTests" */;
			buildPhases = (
				3CE213E51969B9E800CE9B0B /* Sources */,
				3CE213E61969B9E800CE9B0B /* Frameworks */,
				3CE213E71969B9E800CE9B0B /* Resources */,
			);
			buildRules = (
			);
			dependencies = (
				3CE213EB1969B9E800CE9B0B /* PBXTargetDependency */,
			);
			name = ReactiveSwiftFlickrSearchTests;
			productName = ReactiveSwiftFlickrSearchTests;
			productReference = 3CE213E91969B9E800CE9B0B /* ReactiveSwiftFlickrSearchTests.xctest */;
			productType = "com.apple.product-type.bundle.unit-test";
		};
/* End PBXNativeTarget section */

/* Begin PBXProject section */
		3CE213CF1969B9E700CE9B0B /* Project object */ = {
			isa = PBXProject;
			attributes = {
				LastUpgradeCheck = 0600;
				ORGANIZATIONNAME = "Colin Eberhardt";
				TargetAttributes = {
					3CE213D61969B9E700CE9B0B = {
						CreatedOnToolsVersion = 6.0;
					};
					3CE213E81969B9E800CE9B0B = {
						CreatedOnToolsVersion = 6.0;
						TestTargetID = 3CE213D61969B9E700CE9B0B;
					};
				};
			};
			buildConfigurationList = 3CE213D21969B9E700CE9B0B /* Build configuration list for PBXProject "ReactiveSwiftFlickrSearch" */;
			compatibilityVersion = "Xcode 3.2";
			developmentRegion = English;
			hasScannedForEncodings = 0;
			knownRegions = (
				en,
				Base,
			);
			mainGroup = 3CE213CE1969B9E700CE9B0B;
			productRefGroup = 3CE213D81969B9E700CE9B0B /* Products */;
			projectDirPath = "";
			projectReferences = (
				{
					ProductGroup = 3CE21D6B1969BB6700CE9B0B /* Products */;
					ProjectRef = 3CE21D6A1969BB6700CE9B0B /* ReactiveCocoa.xcodeproj */;
				},
			);
			projectRoot = "";
			targets = (
				3CE213D61969B9E700CE9B0B /* ReactiveSwiftFlickrSearch */,
				3CE213E81969B9E800CE9B0B /* ReactiveSwiftFlickrSearchTests */,
			);
		};
/* End PBXProject section */

/* Begin PBXReferenceProxy section */
		3CE21D751969BB6700CE9B0B /* ReactiveCocoa.framework */ = {
			isa = PBXReferenceProxy;
			fileType = wrapper.framework;
			path = ReactiveCocoa.framework;
			remoteRef = 3CE21D741969BB6700CE9B0B /* PBXContainerItemProxy */;
			sourceTree = BUILT_PRODUCTS_DIR;
		};
		3CE21D771969BB6700CE9B0B /* libReactiveCocoa-iOS.a */ = {
			isa = PBXReferenceProxy;
			fileType = archive.ar;
			path = "libReactiveCocoa-iOS.a";
			remoteRef = 3CE21D761969BB6700CE9B0B /* PBXContainerItemProxy */;
			sourceTree = BUILT_PRODUCTS_DIR;
		};
		3CE21D791969BB6700CE9B0B /* ReactiveCocoaTests.octest */ = {
			isa = PBXReferenceProxy;
			fileType = wrapper.cfbundle;
			path = ReactiveCocoaTests.octest;
			remoteRef = 3CE21D781969BB6700CE9B0B /* PBXContainerItemProxy */;
			sourceTree = BUILT_PRODUCTS_DIR;
		};
		3CE21D7B1969BB6700CE9B0B /* ReactiveCocoaTests-iOS.octest */ = {
			isa = PBXReferenceProxy;
			fileType = wrapper.cfbundle;
			path = "ReactiveCocoaTests-iOS.octest";
			remoteRef = 3CE21D7A1969BB6700CE9B0B /* PBXContainerItemProxy */;
			sourceTree = BUILT_PRODUCTS_DIR;
		};
		3CE21D7D1969BB6700CE9B0B /* ReactiveCocoa-iOS-UIKitTestHost.app */ = {
			isa = PBXReferenceProxy;
			fileType = wrapper.application;
			path = "ReactiveCocoa-iOS-UIKitTestHost.app";
			remoteRef = 3CE21D7C1969BB6700CE9B0B /* PBXContainerItemProxy */;
			sourceTree = BUILT_PRODUCTS_DIR;
		};
		3CE21D7F1969BB6700CE9B0B /* ReactiveCocoa-iOS-UIKitTestHostTests.octest */ = {
			isa = PBXReferenceProxy;
			fileType = wrapper.cfbundle;
			path = "ReactiveCocoa-iOS-UIKitTestHostTests.octest";
			remoteRef = 3CE21D7E1969BB6700CE9B0B /* PBXContainerItemProxy */;
			sourceTree = BUILT_PRODUCTS_DIR;
		};
		3CE21D811969BB6700CE9B0B /* libReactiveCocoa-Mac.a */ = {
			isa = PBXReferenceProxy;
			fileType = archive.ar;
			path = "libReactiveCocoa-Mac.a";
			remoteRef = 3CE21D801969BB6700CE9B0B /* PBXContainerItemProxy */;
			sourceTree = BUILT_PRODUCTS_DIR;
		};
/* End PBXReferenceProxy section */

/* Begin PBXResourcesBuildPhase section */
		3CE213D51969B9E700CE9B0B /* Resources */ = {
			isa = PBXResourcesBuildPhase;
			buildActionMask = 2147483647;
			files = (
				3CE213E21969B9E700CE9B0B /* Main.storyboard in Resources */,
				3CE213E41969B9E700CE9B0B /* Images.xcassets in Resources */,
			);
			runOnlyForDeploymentPostprocessing = 0;
		};
		3CE213E71969B9E800CE9B0B /* Resources */ = {
			isa = PBXResourcesBuildPhase;
			buildActionMask = 2147483647;
			files = (
			);
			runOnlyForDeploymentPostprocessing = 0;
		};
/* End PBXResourcesBuildPhase section */

/* Begin PBXSourcesBuildPhase section */
		3CE213D31969B9E700CE9B0B /* Sources */ = {
			isa = PBXSourcesBuildPhase;
			buildActionMask = 2147483647;
			files = (
				3CE213DF1969B9E700CE9B0B /* ViewController.swift in Sources */,
				3CE213DD1969B9E700CE9B0B /* AppDelegate.swift in Sources */,
			);
			runOnlyForDeploymentPostprocessing = 0;
		};
		3CE213E51969B9E800CE9B0B /* Sources */ = {
			isa = PBXSourcesBuildPhase;
			buildActionMask = 2147483647;
			files = (
				3CE213F01969B9E800CE9B0B /* ReactiveSwiftFlickrSearchTests.swift in Sources */,
			);
			runOnlyForDeploymentPostprocessing = 0;
		};
/* End PBXSourcesBuildPhase section */

/* Begin PBXTargetDependency section */
		3CE213EB1969B9E800CE9B0B /* PBXTargetDependency */ = {
			isa = PBXTargetDependency;
			target = 3CE213D61969B9E700CE9B0B /* ReactiveSwiftFlickrSearch */;
			targetProxy = 3CE213EA1969B9E800CE9B0B /* PBXContainerItemProxy */;
		};
/* End PBXTargetDependency section */

/* Begin PBXVariantGroup section */
		3CE213E01969B9E700CE9B0B /* Main.storyboard */ = {
			isa = PBXVariantGroup;
			children = (
				3CE213E11969B9E700CE9B0B /* Base */,
			);
			name = Main.storyboard;
			sourceTree = "<group>";
		};
/* End PBXVariantGroup section */

/* Begin XCBuildConfiguration section */
		3CE213F11969B9E800CE9B0B /* Debug */ = {
			isa = XCBuildConfiguration;
			buildSettings = {
				ALWAYS_SEARCH_USER_PATHS = NO;
				CLANG_CXX_LANGUAGE_STANDARD = "gnu++0x";
				CLANG_CXX_LIBRARY = "libc++";
				CLANG_ENABLE_MODULES = YES;
				CLANG_ENABLE_OBJC_ARC = YES;
				CLANG_WARN_BOOL_CONVERSION = YES;
				CLANG_WARN_CONSTANT_CONVERSION = YES;
				CLANG_WARN_DIRECT_OBJC_ISA_USAGE = YES_ERROR;
				CLANG_WARN_EMPTY_BODY = YES;
				CLANG_WARN_ENUM_CONVERSION = YES;
				CLANG_WARN_INT_CONVERSION = YES;
				CLANG_WARN_OBJC_ROOT_CLASS = YES_ERROR;
				CLANG_WARN_UNREACHABLE_CODE = YES;
				CLANG_WARN__DUPLICATE_METHOD_MATCH = YES;
				"CODE_SIGN_IDENTITY[sdk=iphoneos*]" = "iPhone Developer";
				COPY_PHASE_STRIP = NO;
				ENABLE_STRICT_OBJC_MSGSEND = YES;
				GCC_C_LANGUAGE_STANDARD = gnu99;
				GCC_DYNAMIC_NO_PIC = NO;
				GCC_OPTIMIZATION_LEVEL = 0;
				GCC_PREPROCESSOR_DEFINITIONS = (
					"DEBUG=1",
					"$(inherited)",
				);
				GCC_SYMBOLS_PRIVATE_EXTERN = NO;
				GCC_WARN_64_TO_32_BIT_CONVERSION = YES;
				GCC_WARN_ABOUT_RETURN_TYPE = YES_ERROR;
				GCC_WARN_UNDECLARED_SELECTOR = YES;
				GCC_WARN_UNINITIALIZED_AUTOS = YES_AGGRESSIVE;
				GCC_WARN_UNUSED_FUNCTION = YES;
				GCC_WARN_UNUSED_VARIABLE = YES;
				IPHONEOS_DEPLOYMENT_TARGET = 8.0;
				METAL_ENABLE_DEBUG_INFO = YES;
				ONLY_ACTIVE_ARCH = YES;
				SDKROOT = iphoneos;
				SWIFT_OPTIMIZATION_LEVEL = "-Onone";
				TARGETED_DEVICE_FAMILY = "1,2";
			};
			name = Debug;
		};
		3CE213F21969B9E800CE9B0B /* Release */ = {
			isa = XCBuildConfiguration;
			buildSettings = {
				ALWAYS_SEARCH_USER_PATHS = NO;
				CLANG_CXX_LANGUAGE_STANDARD = "gnu++0x";
				CLANG_CXX_LIBRARY = "libc++";
				CLANG_ENABLE_MODULES = YES;
				CLANG_ENABLE_OBJC_ARC = YES;
				CLANG_WARN_BOOL_CONVERSION = YES;
				CLANG_WARN_CONSTANT_CONVERSION = YES;
				CLANG_WARN_DIRECT_OBJC_ISA_USAGE = YES_ERROR;
				CLANG_WARN_EMPTY_BODY = YES;
				CLANG_WARN_ENUM_CONVERSION = YES;
				CLANG_WARN_INT_CONVERSION = YES;
				CLANG_WARN_OBJC_ROOT_CLASS = YES_ERROR;
				CLANG_WARN_UNREACHABLE_CODE = YES;
				CLANG_WARN__DUPLICATE_METHOD_MATCH = YES;
				"CODE_SIGN_IDENTITY[sdk=iphoneos*]" = "iPhone Developer";
				COPY_PHASE_STRIP = YES;
				ENABLE_NS_ASSERTIONS = NO;
				ENABLE_STRICT_OBJC_MSGSEND = YES;
				GCC_C_LANGUAGE_STANDARD = gnu99;
				GCC_WARN_64_TO_32_BIT_CONVERSION = YES;
				GCC_WARN_ABOUT_RETURN_TYPE = YES_ERROR;
				GCC_WARN_UNDECLARED_SELECTOR = YES;
				GCC_WARN_UNINITIALIZED_AUTOS = YES_AGGRESSIVE;
				GCC_WARN_UNUSED_FUNCTION = YES;
				GCC_WARN_UNUSED_VARIABLE = YES;
				IPHONEOS_DEPLOYMENT_TARGET = 8.0;
				METAL_ENABLE_DEBUG_INFO = NO;
				SDKROOT = iphoneos;
				TARGETED_DEVICE_FAMILY = "1,2";
				VALIDATE_PRODUCT = YES;
			};
			name = Release;
		};
		3CE213F41969B9E800CE9B0B /* Debug */ = {
			isa = XCBuildConfiguration;
			buildSettings = {
				ASSETCATALOG_COMPILER_APPICON_NAME = AppIcon;
				ASSETCATALOG_COMPILER_LAUNCHIMAGE_NAME = LaunchImage;
				INFOPLIST_FILE = ReactiveSwiftFlickrSearch/Info.plist;
				LD_RUNPATH_SEARCH_PATHS = "$(inherited) @executable_path/Frameworks";
				LIBRARY_SEARCH_PATHS = (
					"$(inherited)",
					"$(PROJECT_DIR)/ReactiveCocoa/external/specta/test/vendor/expecta",
				);
				PRODUCT_NAME = "$(TARGET_NAME)";
				SWIFT_OBJC_BRIDGING_HEADER = "$(SRCROOT)/ReactiveSwiftFlickrSearch/BridgingHeader.h";
			};
			name = Debug;
		};
		3CE213F51969B9E800CE9B0B /* Release */ = {
			isa = XCBuildConfiguration;
			buildSettings = {
				ASSETCATALOG_COMPILER_APPICON_NAME = AppIcon;
				ASSETCATALOG_COMPILER_LAUNCHIMAGE_NAME = LaunchImage;
				INFOPLIST_FILE = ReactiveSwiftFlickrSearch/Info.plist;
				LD_RUNPATH_SEARCH_PATHS = "$(inherited) @executable_path/Frameworks";
				LIBRARY_SEARCH_PATHS = (
					"$(inherited)",
					"$(PROJECT_DIR)/ReactiveCocoa/external/specta/test/vendor/expecta",
				);
				PRODUCT_NAME = "$(TARGET_NAME)";
				SWIFT_OBJC_BRIDGING_HEADER = "$(SRCROOT)/ReactiveSwiftFlickrSearch/BridgingHeader.h";
			};
			name = Release;
		};
		3CE213F71969B9E800CE9B0B /* Debug */ = {
			isa = XCBuildConfiguration;
			buildSettings = {
				BUNDLE_LOADER = "$(BUILT_PRODUCTS_DIR)/ReactiveSwiftFlickrSearch.app/ReactiveSwiftFlickrSearch";
				FRAMEWORK_SEARCH_PATHS = (
					"$(SDKROOT)/Developer/Library/Frameworks",
					"$(inherited)",
				);
				GCC_PREPROCESSOR_DEFINITIONS = (
					"DEBUG=1",
					"$(inherited)",
				);
				INFOPLIST_FILE = ReactiveSwiftFlickrSearchTests/Info.plist;
				LD_RUNPATH_SEARCH_PATHS = "$(inherited) @executable_path/Frameworks @loader_path/Frameworks";
				METAL_ENABLE_DEBUG_INFO = YES;
				PRODUCT_NAME = "$(TARGET_NAME)";
				TEST_HOST = "$(BUNDLE_LOADER)";
			};
			name = Debug;
		};
		3CE213F81969B9E800CE9B0B /* Release */ = {
			isa = XCBuildConfiguration;
			buildSettings = {
				BUNDLE_LOADER = "$(BUILT_PRODUCTS_DIR)/ReactiveSwiftFlickrSearch.app/ReactiveSwiftFlickrSearch";
				FRAMEWORK_SEARCH_PATHS = (
					"$(SDKROOT)/Developer/Library/Frameworks",
					"$(inherited)",
				);
				INFOPLIST_FILE = ReactiveSwiftFlickrSearchTests/Info.plist;
				LD_RUNPATH_SEARCH_PATHS = "$(inherited) @executable_path/Frameworks @loader_path/Frameworks";
				METAL_ENABLE_DEBUG_INFO = NO;
				PRODUCT_NAME = "$(TARGET_NAME)";
				TEST_HOST = "$(BUNDLE_LOADER)";
			};
			name = Release;
		};
/* End XCBuildConfiguration section */

/* Begin XCConfigurationList section */
		3CE213D21969B9E700CE9B0B /* Build configuration list for PBXProject "ReactiveSwiftFlickrSearch" */ = {
			isa = XCConfigurationList;
			buildConfigurations = (
				3CE213F11969B9E800CE9B0B /* Debug */,
				3CE213F21969B9E800CE9B0B /* Release */,
			);
			defaultConfigurationIsVisible = 0;
			defaultConfigurationName = Release;
		};
		3CE213F31969B9E800CE9B0B /* Build configuration list for PBXNativeTarget "ReactiveSwiftFlickrSearch" */ = {
			isa = XCConfigurationList;
			buildConfigurations = (
				3CE213F41969B9E800CE9B0B /* Debug */,
				3CE213F51969B9E800CE9B0B /* Release */,
			);
			defaultConfigurationIsVisible = 0;
		};
		3CE213F61969B9E800CE9B0B /* Build configuration list for PBXNativeTarget "ReactiveSwiftFlickrSearchTests" */ = {
			isa = XCConfigurationList;
			buildConfigurations = (
				3CE213F71969B9E800CE9B0B /* Debug */,
				3CE213F81969B9E800CE9B0B /* Release */,
			);
			defaultConfigurationIsVisible = 0;
		};
/* End XCConfigurationList section */
	};
	rootObject = 3CE213CF1969B9E700CE9B0B /* Project object */;
}
